
Microsoft Visual Studio Solution File, Format Version 12.00
# Visual Studio Version 17
VisualStudioVersion = 17.6.33829.357
MinimumVisualStudioVersion = 10.0.40219.1
Project("{FAE04EC0-301F-11D3-BF4B-00C04F79EFBC}") = "FacadePatternApp", "FacadePatternApp.csproj", "{472E9135-8A4C-402C-A6CE-CEB2A4B124EA}"
EndProject
Global
	GlobalSection(SolutionConfigurationPlatforms) = preSolution
		Debug|Any CPU = Debug|Any CPU
		Release|Any CPU = Release|Any CPU
	EndGlobalSection
	GlobalSection(ProjectConfigurationPlatforms) = postSolution
		{472E9135-8A4C-402C-A6CE-CEB2A4B124EA}.Debug|Any CPU.ActiveCfg = Debug|Any CPU
		{472E9135-8A4C-402C-A6CE-CEB2A4B124EA}.Debug|Any CPU.Build.0 = Debug|Any CPU
		{472E9135-8A4C-402C-A6CE-CEB2A4B124EA}.Release|Any CPU.ActiveCfg = Release|Any CPU
		{472E9135-8A4C-402C-A6CE-CEB2A4B124EA}.Release|Any CPU.Build.0 = Release|Any CPU
	EndGlobalSection
	GlobalSection(SolutionProperties) = preSolution
		HideSolutionNode = FALSE
	EndGlobalSection
	GlobalSection(ExtensibilityGlobals) = postSolution
		SolutionGuid = {33EAAB48-A16C-4BA1-9A71-F3E160D7F8E2}
	EndGlobalSection
EndGlobal
